
Microsoft Visual Studio Solution File, Format Version 12.00
# Visual Studio Version 17
VisualStudioVersion = 17.11.35118.90
MinimumVisualStudioVersion = 10.0.40219.1
Project("{FAE04EC0-301F-11D3-BF4B-00C04F79EFBC}") = "ModernWpf.Ui", "ModernWpf.Ui\ModernWpf.Ui.csproj", "{99387F2B-2347-452E-9058-9A85E3A189C1}"
EndProject
Global
	GlobalSection(SolutionConfigurationPlatforms) = preSolution
		Debug|Any CPU = Debug|Any CPU
		Release|Any CPU = Release|Any CPU
	EndGlobalSection
	GlobalSection(ProjectConfigurationPlatforms) = postSolution
		{99387F2B-2347-452E-9058-9A85E3A189C1}.Debug|Any CPU.ActiveCfg = Debug|Any CPU
		{99387F2B-2347-452E-9058-9A85E3A189C1}.Debug|Any CPU.Build.0 = Debug|Any CPU
		{99387F2B-2347-452E-9058-9A85E3A189C1}.Release|Any CPU.ActiveCfg = Release|Any CPU
		{99387F2B-2347-452E-9058-9A85E3A189C1}.Release|Any CPU.Build.0 = Release|Any CPU
	EndGlobalSection
	GlobalSection(SolutionProperties) = preSolution
		HideSolutionNode = FALSE
	EndGlobalSection
	GlobalSection(ExtensibilityGlobals) = postSolution
		SolutionGuid = {046AB4C3-58D1-4834-84DD-E14D9B908055}
	EndGlobalSection
EndGlobal
